
Microsoft Visual Studio Solution File, Format Version 12.00
# Visual Studio 15
Project("{FAE04EC0-301F-11D3-BF4B-00C04F79EFBC}") = "webtrekkLibrary", "webtrekkLibrary\webtrekkLibrary.csproj", "{58448579-0A40-4C3E-AF46-161B0D87FCE3}"
EndProject
Project("{FAE04EC0-301F-11D3-BF4B-00C04F79EFBC}") = "testaApk", "testaApk\testaApk.csproj", "{F519169A-2F1D-48BF-AEC2-597A98109785}"
EndProject
Global
	GlobalSection(SolutionConfigurationPlatforms) = preSolution
		Debug|Any CPU = Debug|Any CPU
		Release|Any CPU = Release|Any CPU
	EndGlobalSection
	GlobalSection(ProjectConfigurationPlatforms) = postSolution
		{58448579-0A40-4C3E-AF46-161B0D87FCE3}.Debug|Any CPU.ActiveCfg = Debug|Any CPU
		{58448579-0A40-4C3E-AF46-161B0D87FCE3}.Debug|Any CPU.Build.0 = Debug|Any CPU
		{58448579-0A40-4C3E-AF46-161B0D87FCE3}.Release|Any CPU.ActiveCfg = Release|Any CPU
		{58448579-0A40-4C3E-AF46-161B0D87FCE3}.Release|Any CPU.Build.0 = Release|Any CPU
		{F519169A-2F1D-48BF-AEC2-597A98109785}.Debug|Any CPU.ActiveCfg = Debug|Any CPU
		{F519169A-2F1D-48BF-AEC2-597A98109785}.Debug|Any CPU.Build.0 = Debug|Any CPU
		{F519169A-2F1D-48BF-AEC2-597A98109785}.Release|Any CPU.ActiveCfg = Release|Any CPU
		{F519169A-2F1D-48BF-AEC2-597A98109785}.Release|Any CPU.Build.0 = Release|Any CPU
	EndGlobalSection
EndGlobal
